
Microsoft Visual Studio Solution File, Format Version 12.00
# Visual Studio 15
VisualStudioVersion = 15.0.28307.489
MinimumVisualStudioVersion = 10.0.40219.1
Project("{FAE04EC0-301F-11D3-BF4B-00C04F79EFBC}") = "SayHello", "SayHello\SayHello.csproj", "{2E6073B2-6BC5-4F3B-AC6D-E5719967322E}"
EndProject
Project("{FAE04EC0-301F-11D3-BF4B-00C04F79EFBC}") = "HandleAnEvent", "HandleAnEvent\HandleAnEvent.csproj", "{70E93591-1164-4755-A0D7-467451EDE3C6}"
EndProject
Project("{FAE04EC0-301F-11D3-BF4B-00C04F79EFBC}") = "InheritTheApp", "InheritTheApp\InheritTheApp.csproj", "{B5C70876-CF78-49FB-B3F7-C7307D160F79}"
EndProject
Project("{FAE04EC0-301F-11D3-BF4B-00C04F79EFBC}") = "ThrowWindowParty", "ThrowWindowParty\ThrowWindowParty.csproj", "{6580CD7D-42A6-4672-A6E8-263CB95C234D}"
EndProject
Project("{FAE04EC0-301F-11D3-BF4B-00C04F79EFBC}") = "InheritAppAndWindow", "InheritAppAndWindow\InheritAppAndWindow.csproj", "{368FB876-52FF-4673-821D-9AFF313CE26A}"
EndProject
Project("{FAE04EC0-301F-11D3-BF4B-00C04F79EFBC}") = "InheritTheWindow", "InheritTheWindow\InheritTheWindow.csproj", "{8A604B2F-9750-4FEF-A01E-60273BB7C44D}"
EndProject
Project("{FAE04EC0-301F-11D3-BF4B-00C04F79EFBC}") = "GrowAndShrink", "GrowAndShrink\GrowAndShrink.csproj", "{43A7BC7D-9023-43CC-8DE4-F1682789F8DB}"
EndProject
Project("{FAE04EC0-301F-11D3-BF4B-00C04F79EFBC}") = "TypeYourTitle", "TypeYourTitle\TypeYourTitle.csproj", "{E65B681E-881A-4569-BE93-4CF558055197}"
EndProject
Project("{FAE04EC0-301F-11D3-BF4B-00C04F79EFBC}") = "VaryTheBackground", "VaryTheBackground\VaryTheBackground.csproj", "{08933160-88D3-4B3D-86BF-BEB105D090AD}"
EndProject
Project("{FAE04EC0-301F-11D3-BF4B-00C04F79EFBC}") = "FlipThroughTheBrushes", "FlipThroughTheBrushes\FlipThroughTheBrushes.csproj", "{164D4995-9D59-4706-B00B-0DD54A9D8AE3}"
EndProject
Project("{FAE04EC0-301F-11D3-BF4B-00C04F79EFBC}") = "GradiateTheBrush", "GradiateTheBrush\GradiateTheBrush.csproj", "{7513AB1E-62B4-471E-9201-1F1C9E38CCB1}"
EndProject
Project("{FAE04EC0-301F-11D3-BF4B-00C04F79EFBC}") = "AdjustTheGradient", "AdjustTheGradient\AdjustTheGradient.csproj", "{7CD38943-C317-481F-97CA-C5883ED2FF2B}"
EndProject
Project("{FAE04EC0-301F-11D3-BF4B-00C04F79EFBC}") = "FollowTheRainbow", "FollowTheRainbow\FollowTheRainbow.csproj", "{8038813F-F9ED-4255-B8EF-406048B08FDA}"
EndProject
Project("{FAE04EC0-301F-11D3-BF4B-00C04F79EFBC}") = "CircleTheRainbow", "CircleTheRainbow\CircleTheRainbow.csproj", "{DB9A3326-350F-42AB-88BC-3C472B391167}"
EndProject
Project("{FAE04EC0-301F-11D3-BF4B-00C04F79EFBC}") = "ClickTheGradientCenter", "ClickTheGradientCenter\ClickTheGradientCenter.csproj", "{1C6E90AA-0AA2-45EE-BD83-1554683A4233}"
EndProject
Project("{FAE04EC0-301F-11D3-BF4B-00C04F79EFBC}") = "RotateTheGradientOrigin", "RotateTheGradientOrigin\RotateTheGradientOrigin.csproj", "{F6409601-3EE0-4CA7-8411-B99C47E9FB9B}"
EndProject
Project("{2150E333-8FDC-42A3-9474-1A3956D46DE8}") = "Chapter 1", "Chapter 1", "{5A3BED08-7EAB-48CA-8279-D623141EF44F}"
EndProject
Project("{2150E333-8FDC-42A3-9474-1A3956D46DE8}") = "Chapter 2", "Chapter 2", "{4B7831B5-A3FC-4604-AD91-D47C8E0B4AD9}"
EndProject
Project("{2150E333-8FDC-42A3-9474-1A3956D46DE8}") = "Chapter 3", "Chapter 3", "{2E60E85F-EEDC-4DEF-BEBD-3F53681A5F5D}"
EndProject
Project("{FAE04EC0-301F-11D3-BF4B-00C04F79EFBC}") = "DisplaySomeText", "DisplaySomeText\DisplaySomeText.csproj", "{6C589650-1E14-4D70-8AF0-B86FE7619552}"
EndProject
Project("{FAE04EC0-301F-11D3-BF4B-00C04F79EFBC}") = "RecordKeystrokes", "RecordKeystrokes\RecordKeystrokes.csproj", "{DD0A9296-A6FC-471B-B04F-7626DABD6AE5}"
EndProject
Project("{FAE04EC0-301F-11D3-BF4B-00C04F79EFBC}") = "ShowMyFace", "ShowMyFace\ShowMyFace.csproj", "{D62EB0EE-305C-463F-84AF-52D91B1DBA75}"
EndProject
Project("{FAE04EC0-301F-11D3-BF4B-00C04F79EFBC}") = "ShapeAnEllipse", "ShapeAnEllipse\ShapeAnEllipse.csproj", "{56568B9E-C0BC-4482-840B-F938392DEE32}"
EndProject
Project("{FAE04EC0-301F-11D3-BF4B-00C04F79EFBC}") = "FormatTheText", "FormatTheText\FormatTheText.csproj", "{65477A6C-3AB7-4932-9148-15D8DDF51FA3}"
EndProject
Project("{FAE04EC0-301F-11D3-BF4B-00C04F79EFBC}") = "ToggleBoldAndItalic", "ToggleBoldAndItalic\ToggleBoldAndItalic.csproj", "{A98A4FF7-CD43-40E9-9152-B324451819F3}"
EndProject
Project("{FAE04EC0-301F-11D3-BF4B-00C04F79EFBC}") = "RenderTheGraphic", "RenderTheGraphic\RenderTheGraphic.csproj", "{289B74EC-697F-4A89-8630-1FA98956218F}"
EndProject
Project("{2150E333-8FDC-42A3-9474-1A3956D46DE8}") = "Chapter 4", "Chapter 4", "{3F7B97C4-033B-4514-B623-936B995B0364}"
EndProject
Project("{FAE04EC0-301F-11D3-BF4B-00C04F79EFBC}") = "ClickTheButton", "ClickTheButton\ClickTheButton.csproj", "{C86BAF60-A3D6-4FBF-B704-2C28E27E5CF7}"
EndProject
Project("{FAE04EC0-301F-11D3-BF4B-00C04F79EFBC}") = "FormatTheButton", "FormatTheButton\FormatTheButton.csproj", "{FC791191-EFAC-48B6-9B82-CBF4BE80325B}"
EndProject
Project("{FAE04EC0-301F-11D3-BF4B-00C04F79EFBC}") = "ImageTheButton", "ImageTheButton\ImageTheButton.csproj", "{C52F9C8E-3BFD-4F2B-83D8-98FC7D20C65E}"
EndProject
Project("{FAE04EC0-301F-11D3-BF4B-00C04F79EFBC}") = "CommandTheButton", "CommandTheButton\CommandTheButton.csproj", "{D25BDF07-F682-4A98-BD9D-7B07A793ECBA}"
EndProject
Project("{FAE04EC0-301F-11D3-BF4B-00C04F79EFBC}") = "ToggleTheButton", "ToggleTheButton\ToggleTheButton.csproj", "{07FE9190-1889-4B33-A532-1512E1609FEE}"
EndProject
Project("{FAE04EC0-301F-11D3-BF4B-00C04F79EFBC}") = "BindTheButton", "BindTheButton\BindTheButton.csproj", "{D6189F9C-DC74-4DCE-96D2-C8DF2F3A6BCC}"
EndProject
Project("{FAE04EC0-301F-11D3-BF4B-00C04F79EFBC}") = "NavigateTheWeb", "UriDialog\NavigateTheWeb.csproj", "{2778AD34-E150-442B-A7D9-5D957E51C844}"
EndProject
Project("{FAE04EC0-301F-11D3-BF4B-00C04F79EFBC}") = "EditSomeText", "EditSomeText\EditSomeText.csproj", "{0CF0704B-5AE7-4AD1-B31D-0CEE4B393722}"
EndProject
Project("{FAE04EC0-301F-11D3-BF4B-00C04F79EFBC}") = "EditSomeRichText", "EditSomeRichText\EditSomeRichText.csproj", "{4EE17FD2-288E-4A53-AA18-4CCEFC79F64A}"
EndProject
Project("{2150E333-8FDC-42A3-9474-1A3956D46DE8}") = "Chapter 5", "Chapter 5", "{21556F3F-FA0C-484B-A525-DA2E4E77C830}"
EndProject
Project("{FAE04EC0-301F-11D3-BF4B-00C04F79EFBC}") = "StackTenButtons", "StackTenButtons\StackTenButtons.csproj", "{B50DBF0E-8D30-4907-B1D3-C38CA4058D87}"
EndProject
Project("{FAE04EC0-301F-11D3-BF4B-00C04F79EFBC}") = "StackThirtyButtons", "StackThirtyButtons\StackThirtyButtons.csproj", "{A6ED2824-8A02-4509-8B02-315D0062F33F}"
EndProject
Project("{FAE04EC0-301F-11D3-BF4B-00C04F79EFBC}") = "ScrollFiftyButtons", "ScrollFiftyButtons\ScrollFiftyButtons.csproj", "{397F3C38-748E-41D8-9AC5-2D2F69AF88A3}"
EndProject
Project("{FAE04EC0-301F-11D3-BF4B-00C04F79EFBC}") = "DesignAButton", "DesignAButton\DesignAButton.csproj", "{CA860786-8FED-405F-8372-4DE41CD21ECB}"
EndProject
Project("{FAE04EC0-301F-11D3-BF4B-00C04F79EFBC}") = "TuneTheRadio", "TuneTheRadio\TuneTheRadio.csproj", "{B6AF6A93-0937-4D6B-A461-F5BE70F1CE03}"
EndProject
Project("{FAE04EC0-301F-11D3-BF4B-00C04F79EFBC}") = "ExploreDirectories", "ExploreDirectories\ExploreDirectories.csproj", "{188CCCF7-8B9A-4D19-86F3-D575754D07F9}"
EndProject
Project("{2150E333-8FDC-42A3-9474-1A3956D46DE8}") = "Chapter 6", "Chapter 6", "{AE2464FC-4C57-4F53-A2DF-C09DAB0F6BB6}"
EndProject
Project("{FAE04EC0-301F-11D3-BF4B-00C04F79EFBC}") = "DockAroundTheBlock", "DockAroundTheBlock\DockAroundTheBlock.csproj", "{AA11BECA-3307-4375-86A8-DFFD166F590F}"
EndProject
Project("{FAE04EC0-301F-11D3-BF4B-00C04F79EFBC}") = "MeetTheDockers", "MeetTheDockers\MeetTheDockers.csproj", "{EEB8DD33-4FB8-4FE8-AEE5-B7E54FF03CD8}"
EndProject
Project("{FAE04EC0-301F-11D3-BF4B-00C04F79EFBC}") = "CalculateYourLife", "CalculateYourLife\CalculateYourLife.csproj", "{4A413287-9EDE-4249-B4FF-CB379A252A92}"
EndProject
Project("{2150E333-8FDC-42A3-9474-1A3956D46DE8}") = "Solution Items", "Solution Items", "{FB2E84B5-4A48-4317-881D-F1A317049632}"
	ProjectSection(SolutionItems) = preProject
		README.md = README.md
	EndProjectSection
EndProject
Global
	GlobalSection(SolutionConfigurationPlatforms) = preSolution
		Debug|Any CPU = Debug|Any CPU
		Release|Any CPU = Release|Any CPU
	EndGlobalSection
	GlobalSection(ProjectConfigurationPlatforms) = postSolution
		{2E6073B2-6BC5-4F3B-AC6D-E5719967322E}.Debug|Any CPU.ActiveCfg = Debug|Any CPU
		{2E6073B2-6BC5-4F3B-AC6D-E5719967322E}.Debug|Any CPU.Build.0 = Debug|Any CPU
		{2E6073B2-6BC5-4F3B-AC6D-E5719967322E}.Release|Any CPU.ActiveCfg = Release|Any CPU
		{2E6073B2-6BC5-4F3B-AC6D-E5719967322E}.Release|Any CPU.Build.0 = Release|Any CPU
		{70E93591-1164-4755-A0D7-467451EDE3C6}.Debug|Any CPU.ActiveCfg = Debug|Any CPU
		{70E93591-1164-4755-A0D7-467451EDE3C6}.Debug|Any CPU.Build.0 = Debug|Any CPU
		{70E93591-1164-4755-A0D7-467451EDE3C6}.Release|Any CPU.ActiveCfg = Release|Any CPU
		{70E93591-1164-4755-A0D7-467451EDE3C6}.Release|Any CPU.Build.0 = Release|Any CPU
		{B5C70876-CF78-49FB-B3F7-C7307D160F79}.Debug|Any CPU.ActiveCfg = Debug|Any CPU
		{B5C70876-CF78-49FB-B3F7-C7307D160F79}.Debug|Any CPU.Build.0 = Debug|Any CPU
		{B5C70876-CF78-49FB-B3F7-C7307D160F79}.Release|Any CPU.ActiveCfg = Release|Any CPU
		{B5C70876-CF78-49FB-B3F7-C7307D160F79}.Release|Any CPU.Build.0 = Release|Any CPU
		{6580CD7D-42A6-4672-A6E8-263CB95C234D}.Debug|Any CPU.ActiveCfg = Debug|Any CPU
		{6580CD7D-42A6-4672-A6E8-263CB95C234D}.Debug|Any CPU.Build.0 = Debug|Any CPU
		{6580CD7D-42A6-4672-A6E8-263CB95C234D}.Release|Any CPU.ActiveCfg = Release|Any CPU
		{6580CD7D-42A6-4672-A6E8-263CB95C234D}.Release|Any CPU.Build.0 = Release|Any CPU
		{368FB876-52FF-4673-821D-9AFF313CE26A}.Debug|Any CPU.ActiveCfg = Debug|Any CPU
		{368FB876-52FF-4673-821D-9AFF313CE26A}.Debug|Any CPU.Build.0 = Debug|Any CPU
		{368FB876-52FF-4673-821D-9AFF313CE26A}.Release|Any CPU.ActiveCfg = Release|Any CPU
		{368FB876-52FF-4673-821D-9AFF313CE26A}.Release|Any CPU.Build.0 = Release|Any CPU
		{8A604B2F-9750-4FEF-A01E-60273BB7C44D}.Debug|Any CPU.ActiveCfg = Debug|Any CPU
		{8A604B2F-9750-4FEF-A01E-60273BB7C44D}.Debug|Any CPU.Build.0 = Debug|Any CPU
		{8A604B2F-9750-4FEF-A01E-60273BB7C44D}.Release|Any CPU.ActiveCfg = Release|Any CPU
		{8A604B2F-9750-4FEF-A01E-60273BB7C44D}.Release|Any CPU.Build.0 = Release|Any CPU
		{43A7BC7D-9023-43CC-8DE4-F1682789F8DB}.Debug|Any CPU.ActiveCfg = Debug|Any CPU
		{43A7BC7D-9023-43CC-8DE4-F1682789F8DB}.Debug|Any CPU.Build.0 = Debug|Any CPU
		{43A7BC7D-9023-43CC-8DE4-F1682789F8DB}.Release|Any CPU.ActiveCfg = Release|Any CPU
		{43A7BC7D-9023-43CC-8DE4-F1682789F8DB}.Release|Any CPU.Build.0 = Release|Any CPU
		{E65B681E-881A-4569-BE93-4CF558055197}.Debug|Any CPU.ActiveCfg = Debug|Any CPU
		{E65B681E-881A-4569-BE93-4CF558055197}.Debug|Any CPU.Build.0 = Debug|Any CPU
		{E65B681E-881A-4569-BE93-4CF558055197}.Release|Any CPU.ActiveCfg = Release|Any CPU
		{E65B681E-881A-4569-BE93-4CF558055197}.Release|Any CPU.Build.0 = Release|Any CPU
		{08933160-88D3-4B3D-86BF-BEB105D090AD}.Debug|Any CPU.ActiveCfg = Debug|Any CPU
		{08933160-88D3-4B3D-86BF-BEB105D090AD}.Debug|Any CPU.Build.0 = Debug|Any CPU
		{08933160-88D3-4B3D-86BF-BEB105D090AD}.Release|Any CPU.ActiveCfg = Release|Any CPU
		{08933160-88D3-4B3D-86BF-BEB105D090AD}.Release|Any CPU.Build.0 = Release|Any CPU
		{164D4995-9D59-4706-B00B-0DD54A9D8AE3}.Debug|Any CPU.ActiveCfg = Debug|Any CPU
		{164D4995-9D59-4706-B00B-0DD54A9D8AE3}.Debug|Any CPU.Build.0 = Debug|Any CPU
		{164D4995-9D59-4706-B00B-0DD54A9D8AE3}.Release|Any CPU.ActiveCfg = Release|Any CPU
		{164D4995-9D59-4706-B00B-0DD54A9D8AE3}.Release|Any CPU.Build.0 = Release|Any CPU
		{7513AB1E-62B4-471E-9201-1F1C9E38CCB1}.Debug|Any CPU.ActiveCfg = Debug|Any CPU
		{7513AB1E-62B4-471E-9201-1F1C9E38CCB1}.Debug|Any CPU.Build.0 = Debug|Any CPU
		{7513AB1E-62B4-471E-9201-1F1C9E38CCB1}.Release|Any CPU.ActiveCfg = Release|Any CPU
		{7513AB1E-62B4-471E-9201-1F1C9E38CCB1}.Release|Any CPU.Build.0 = Release|Any CPU
		{7CD38943-C317-481F-97CA-C5883ED2FF2B}.Debug|Any CPU.ActiveCfg = Debug|Any CPU
		{7CD38943-C317-481F-97CA-C5883ED2FF2B}.Debug|Any CPU.Build.0 = Debug|Any CPU
		{7CD38943-C317-481F-97CA-C5883ED2FF2B}.Release|Any CPU.ActiveCfg = Release|Any CPU
		{7CD38943-C317-481F-97CA-C5883ED2FF2B}.Release|Any CPU.Build.0 = Release|Any CPU
		{8038813F-F9ED-4255-B8EF-406048B08FDA}.Debug|Any CPU.ActiveCfg = Debug|Any CPU
		{8038813F-F9ED-4255-B8EF-406048B08FDA}.Debug|Any CPU.Build.0 = Debug|Any CPU
		{8038813F-F9ED-4255-B8EF-406048B08FDA}.Release|Any CPU.ActiveCfg = Release|Any CPU
		{8038813F-F9ED-4255-B8EF-406048B08FDA}.Release|Any CPU.Build.0 = Release|Any CPU
		{DB9A3326-350F-42AB-88BC-3C472B391167}.Debug|Any CPU.ActiveCfg = Debug|Any CPU
		{DB9A3326-350F-42AB-88BC-3C472B391167}.Debug|Any CPU.Build.0 = Debug|Any CPU
		{DB9A3326-350F-42AB-88BC-3C472B391167}.Release|Any CPU.ActiveCfg = Release|Any CPU
		{DB9A3326-350F-42AB-88BC-3C472B391167}.Release|Any CPU.Build.0 = Release|Any CPU
		{1C6E90AA-0AA2-45EE-BD83-1554683A4233}.Debug|Any CPU.ActiveCfg = Debug|Any CPU
		{1C6E90AA-0AA2-45EE-BD83-1554683A4233}.Debug|Any CPU.Build.0 = Debug|Any CPU
		{1C6E90AA-0AA2-45EE-BD83-1554683A4233}.Release|Any CPU.ActiveCfg = Release|Any CPU
		{1C6E90AA-0AA2-45EE-BD83-1554683A4233}.Release|Any CPU.Build.0 = Release|Any CPU
		{F6409601-3EE0-4CA7-8411-B99C47E9FB9B}.Debug|Any CPU.ActiveCfg = Debug|Any CPU
		{F6409601-3EE0-4CA7-8411-B99C47E9FB9B}.Debug|Any CPU.Build.0 = Debug|Any CPU
		{F6409601-3EE0-4CA7-8411-B99C47E9FB9B}.Release|Any CPU.ActiveCfg = Release|Any CPU
		{F6409601-3EE0-4CA7-8411-B99C47E9FB9B}.Release|Any CPU.Build.0 = Release|Any CPU
		{6C589650-1E14-4D70-8AF0-B86FE7619552}.Debug|Any CPU.ActiveCfg = Debug|Any CPU
		{6C589650-1E14-4D70-8AF0-B86FE7619552}.Debug|Any CPU.Build.0 = Debug|Any CPU
		{6C589650-1E14-4D70-8AF0-B86FE7619552}.Release|Any CPU.ActiveCfg = Release|Any CPU
		{6C589650-1E14-4D70-8AF0-B86FE7619552}.Release|Any CPU.Build.0 = Release|Any CPU
		{DD0A9296-A6FC-471B-B04F-7626DABD6AE5}.Debug|Any CPU.ActiveCfg = Debug|Any CPU
		{DD0A9296-A6FC-471B-B04F-7626DABD6AE5}.Debug|Any CPU.Build.0 = Debug|Any CPU
		{DD0A9296-A6FC-471B-B04F-7626DABD6AE5}.Release|Any CPU.ActiveCfg = Release|Any CPU
		{DD0A9296-A6FC-471B-B04F-7626DABD6AE5}.Release|Any CPU.Build.0 = Release|Any CPU
		{D62EB0EE-305C-463F-84AF-52D91B1DBA75}.Debug|Any CPU.ActiveCfg = Debug|Any CPU
		{D62EB0EE-305C-463F-84AF-52D91B1DBA75}.Debug|Any CPU.Build.0 = Debug|Any CPU
		{D62EB0EE-305C-463F-84AF-52D91B1DBA75}.Release|Any CPU.ActiveCfg = Release|Any CPU
		{D62EB0EE-305C-463F-84AF-52D91B1DBA75}.Release|Any CPU.Build.0 = Release|Any CPU
		{56568B9E-C0BC-4482-840B-F938392DEE32}.Debug|Any CPU.ActiveCfg = Debug|Any CPU
		{56568B9E-C0BC-4482-840B-F938392DEE32}.Debug|Any CPU.Build.0 = Debug|Any CPU
		{56568B9E-C0BC-4482-840B-F938392DEE32}.Release|Any CPU.ActiveCfg = Release|Any CPU
		{56568B9E-C0BC-4482-840B-F938392DEE32}.Release|Any CPU.Build.0 = Release|Any CPU
		{65477A6C-3AB7-4932-9148-15D8DDF51FA3}.Debug|Any CPU.ActiveCfg = Debug|Any CPU
		{65477A6C-3AB7-4932-9148-15D8DDF51FA3}.Debug|Any CPU.Build.0 = Debug|Any CPU
		{65477A6C-3AB7-4932-9148-15D8DDF51FA3}.Release|Any CPU.ActiveCfg = Release|Any CPU
		{65477A6C-3AB7-4932-9148-15D8DDF51FA3}.Release|Any CPU.Build.0 = Release|Any CPU
		{A98A4FF7-CD43-40E9-9152-B324451819F3}.Debug|Any CPU.ActiveCfg = Debug|Any CPU
		{A98A4FF7-CD43-40E9-9152-B324451819F3}.Debug|Any CPU.Build.0 = Debug|Any CPU
		{A98A4FF7-CD43-40E9-9152-B324451819F3}.Release|Any CPU.ActiveCfg = Release|Any CPU
		{A98A4FF7-CD43-40E9-9152-B324451819F3}.Release|Any CPU.Build.0 = Release|Any CPU
		{289B74EC-697F-4A89-8630-1FA98956218F}.Debug|Any CPU.ActiveCfg = Debug|Any CPU
		{289B74EC-697F-4A89-8630-1FA98956218F}.Debug|Any CPU.Build.0 = Debug|Any CPU
		{289B74EC-697F-4A89-8630-1FA98956218F}.Release|Any CPU.ActiveCfg = Release|Any CPU
		{289B74EC-697F-4A89-8630-1FA98956218F}.Release|Any CPU.Build.0 = Release|Any CPU
		{C86BAF60-A3D6-4FBF-B704-2C28E27E5CF7}.Debug|Any CPU.ActiveCfg = Debug|Any CPU
		{C86BAF60-A3D6-4FBF-B704-2C28E27E5CF7}.Debug|Any CPU.Build.0 = Debug|Any CPU
		{C86BAF60-A3D6-4FBF-B704-2C28E27E5CF7}.Release|Any CPU.ActiveCfg = Release|Any CPU
		{C86BAF60-A3D6-4FBF-B704-2C28E27E5CF7}.Release|Any CPU.Build.0 = Release|Any CPU
		{FC791191-EFAC-48B6-9B82-CBF4BE80325B}.Debug|Any CPU.ActiveCfg = Debug|Any CPU
		{FC791191-EFAC-48B6-9B82-CBF4BE80325B}.Debug|Any CPU.Build.0 = Debug|Any CPU
		{FC791191-EFAC-48B6-9B82-CBF4BE80325B}.Release|Any CPU.ActiveCfg = Release|Any CPU
		{FC791191-EFAC-48B6-9B82-CBF4BE80325B}.Release|Any CPU.Build.0 = Release|Any CPU
		{C52F9C8E-3BFD-4F2B-83D8-98FC7D20C65E}.Debug|Any CPU.ActiveCfg = Debug|Any CPU
		{C52F9C8E-3BFD-4F2B-83D8-98FC7D20C65E}.Debug|Any CPU.Build.0 = Debug|Any CPU
		{C52F9C8E-3BFD-4F2B-83D8-98FC7D20C65E}.Release|Any CPU.ActiveCfg = Release|Any CPU
		{C52F9C8E-3BFD-4F2B-83D8-98FC7D20C65E}.Release|Any CPU.Build.0 = Release|Any CPU
		{D25BDF07-F682-4A98-BD9D-7B07A793ECBA}.Debug|Any CPU.ActiveCfg = Debug|Any CPU
		{D25BDF07-F682-4A98-BD9D-7B07A793ECBA}.Debug|Any CPU.Build.0 = Debug|Any CPU
		{D25BDF07-F682-4A98-BD9D-7B07A793ECBA}.Release|Any CPU.ActiveCfg = Release|Any CPU
		{D25BDF07-F682-4A98-BD9D-7B07A793ECBA}.Release|Any CPU.Build.0 = Release|Any CPU
		{07FE9190-1889-4B33-A532-1512E1609FEE}.Debug|Any CPU.ActiveCfg = Debug|Any CPU
		{07FE9190-1889-4B33-A532-1512E1609FEE}.Debug|Any CPU.Build.0 = Debug|Any CPU
		{07FE9190-1889-4B33-A532-1512E1609FEE}.Release|Any CPU.ActiveCfg = Release|Any CPU
		{07FE9190-1889-4B33-A532-1512E1609FEE}.Release|Any CPU.Build.0 = Release|Any CPU
		{D6189F9C-DC74-4DCE-96D2-C8DF2F3A6BCC}.Debug|Any CPU.ActiveCfg = Debug|Any CPU
		{D6189F9C-DC74-4DCE-96D2-C8DF2F3A6BCC}.Debug|Any CPU.Build.0 = Debug|Any CPU
		{D6189F9C-DC74-4DCE-96D2-C8DF2F3A6BCC}.Release|Any CPU.ActiveCfg = Release|Any CPU
		{D6189F9C-DC74-4DCE-96D2-C8DF2F3A6BCC}.Release|Any CPU.Build.0 = Release|Any CPU
		{2778AD34-E150-442B-A7D9-5D957E51C844}.Debug|Any CPU.ActiveCfg = Debug|Any CPU
		{2778AD34-E150-442B-A7D9-5D957E51C844}.Debug|Any CPU.Build.0 = Debug|Any CPU
		{2778AD34-E150-442B-A7D9-5D957E51C844}.Release|Any CPU.ActiveCfg = Release|Any CPU
		{2778AD34-E150-442B-A7D9-5D957E51C844}.Release|Any CPU.Build.0 = Release|Any CPU
		{0CF0704B-5AE7-4AD1-B31D-0CEE4B393722}.Debug|Any CPU.ActiveCfg = Debug|Any CPU
		{0CF0704B-5AE7-4AD1-B31D-0CEE4B393722}.Debug|Any CPU.Build.0 = Debug|Any CPU
		{0CF0704B-5AE7-4AD1-B31D-0CEE4B393722}.Release|Any CPU.ActiveCfg = Release|Any CPU
		{0CF0704B-5AE7-4AD1-B31D-0CEE4B393722}.Release|Any CPU.Build.0 = Release|Any CPU
		{4EE17FD2-288E-4A53-AA18-4CCEFC79F64A}.Debug|Any CPU.ActiveCfg = Debug|Any CPU
		{4EE17FD2-288E-4A53-AA18-4CCEFC79F64A}.Debug|Any CPU.Build.0 = Debug|Any CPU
		{4EE17FD2-288E-4A53-AA18-4CCEFC79F64A}.Release|Any CPU.ActiveCfg = Release|Any CPU
		{4EE17FD2-288E-4A53-AA18-4CCEFC79F64A}.Release|Any CPU.Build.0 = Release|Any CPU
		{B50DBF0E-8D30-4907-B1D3-C38CA4058D87}.Debug|Any CPU.ActiveCfg = Debug|Any CPU
		{B50DBF0E-8D30-4907-B1D3-C38CA4058D87}.Debug|Any CPU.Build.0 = Debug|Any CPU
		{B50DBF0E-8D30-4907-B1D3-C38CA4058D87}.Release|Any CPU.ActiveCfg = Release|Any CPU
		{B50DBF0E-8D30-4907-B1D3-C38CA4058D87}.Release|Any CPU.Build.0 = Release|Any CPU
		{A6ED2824-8A02-4509-8B02-315D0062F33F}.Debug|Any CPU.ActiveCfg = Debug|Any CPU
		{A6ED2824-8A02-4509-8B02-315D0062F33F}.Debug|Any CPU.Build.0 = Debug|Any CPU
		{A6ED2824-8A02-4509-8B02-315D0062F33F}.Release|Any CPU.ActiveCfg = Release|Any CPU
		{A6ED2824-8A02-4509-8B02-315D0062F33F}.Release|Any CPU.Build.0 = Release|Any CPU
		{397F3C38-748E-41D8-9AC5-2D2F69AF88A3}.Debug|Any CPU.ActiveCfg = Debug|Any CPU
		{397F3C38-748E-41D8-9AC5-2D2F69AF88A3}.Debug|Any CPU.Build.0 = Debug|Any CPU
		{397F3C38-748E-41D8-9AC5-2D2F69AF88A3}.Release|Any CPU.ActiveCfg = Release|Any CPU
		{397F3C38-748E-41D8-9AC5-2D2F69AF88A3}.Release|Any CPU.Build.0 = Release|Any CPU
		{CA860786-8FED-405F-8372-4DE41CD21ECB}.Debug|Any CPU.ActiveCfg = Debug|Any CPU
		{CA860786-8FED-405F-8372-4DE41CD21ECB}.Debug|Any CPU.Build.0 = Debug|Any CPU
		{CA860786-8FED-405F-8372-4DE41CD21ECB}.Release|Any CPU.ActiveCfg = Release|Any CPU
		{CA860786-8FED-405F-8372-4DE41CD21ECB}.Release|Any CPU.Build.0 = Release|Any CPU
		{B6AF6A93-0937-4D6B-A461-F5BE70F1CE03}.Debug|Any CPU.ActiveCfg = Debug|Any CPU
		{B6AF6A93-0937-4D6B-A461-F5BE70F1CE03}.Debug|Any CPU.Build.0 = Debug|Any CPU
		{B6AF6A93-0937-4D6B-A461-F5BE70F1CE03}.Release|Any CPU.ActiveCfg = Release|Any CPU
		{B6AF6A93-0937-4D6B-A461-F5BE70F1CE03}.Release|Any CPU.Build.0 = Release|Any CPU
		{188CCCF7-8B9A-4D19-86F3-D575754D07F9}.Debug|Any CPU.ActiveCfg = Debug|Any CPU
		{188CCCF7-8B9A-4D19-86F3-D575754D07F9}.Debug|Any CPU.Build.0 = Debug|Any CPU
		{188CCCF7-8B9A-4D19-86F3-D575754D07F9}.Release|Any CPU.ActiveCfg = Release|Any CPU
		{188CCCF7-8B9A-4D19-86F3-D575754D07F9}.Release|Any CPU.Build.0 = Release|Any CPU
		{AA11BECA-3307-4375-86A8-DFFD166F590F}.Debug|Any CPU.ActiveCfg = Debug|Any CPU
		{AA11BECA-3307-4375-86A8-DFFD166F590F}.Debug|Any CPU.Build.0 = Debug|Any CPU
		{AA11BECA-3307-4375-86A8-DFFD166F590F}.Release|Any CPU.ActiveCfg = Release|Any CPU
		{AA11BECA-3307-4375-86A8-DFFD166F590F}.Release|Any CPU.Build.0 = Release|Any CPU
		{EEB8DD33-4FB8-4FE8-AEE5-B7E54FF03CD8}.Debug|Any CPU.ActiveCfg = Debug|Any CPU
		{EEB8DD33-4FB8-4FE8-AEE5-B7E54FF03CD8}.Debug|Any CPU.Build.0 = Debug|Any CPU
		{EEB8DD33-4FB8-4FE8-AEE5-B7E54FF03CD8}.Release|Any CPU.ActiveCfg = Release|Any CPU
		{EEB8DD33-4FB8-4FE8-AEE5-B7E54FF03CD8}.Release|Any CPU.Build.0 = Release|Any CPU
		{4A413287-9EDE-4249-B4FF-CB379A252A92}.Debug|Any CPU.ActiveCfg = Debug|Any CPU
		{4A413287-9EDE-4249-B4FF-CB379A252A92}.Debug|Any CPU.Build.0 = Debug|Any CPU
		{4A413287-9EDE-4249-B4FF-CB379A252A92}.Release|Any CPU.ActiveCfg = Release|Any CPU
		{4A413287-9EDE-4249-B4FF-CB379A252A92}.Release|Any CPU.Build.0 = Release|Any CPU
	EndGlobalSection
	GlobalSection(SolutionProperties) = preSolution
		HideSolutionNode = FALSE
	EndGlobalSection
	GlobalSection(NestedProjects) = preSolution
		{2E6073B2-6BC5-4F3B-AC6D-E5719967322E} = {5A3BED08-7EAB-48CA-8279-D623141EF44F}
		{70E93591-1164-4755-A0D7-467451EDE3C6} = {5A3BED08-7EAB-48CA-8279-D623141EF44F}
		{B5C70876-CF78-49FB-B3F7-C7307D160F79} = {5A3BED08-7EAB-48CA-8279-D623141EF44F}
		{6580CD7D-42A6-4672-A6E8-263CB95C234D} = {5A3BED08-7EAB-48CA-8279-D623141EF44F}
		{368FB876-52FF-4673-821D-9AFF313CE26A} = {5A3BED08-7EAB-48CA-8279-D623141EF44F}
		{8A604B2F-9750-4FEF-A01E-60273BB7C44D} = {5A3BED08-7EAB-48CA-8279-D623141EF44F}
		{43A7BC7D-9023-43CC-8DE4-F1682789F8DB} = {5A3BED08-7EAB-48CA-8279-D623141EF44F}
		{E65B681E-881A-4569-BE93-4CF558055197} = {5A3BED08-7EAB-48CA-8279-D623141EF44F}
		{08933160-88D3-4B3D-86BF-BEB105D090AD} = {4B7831B5-A3FC-4604-AD91-D47C8E0B4AD9}
		{164D4995-9D59-4706-B00B-0DD54A9D8AE3} = {4B7831B5-A3FC-4604-AD91-D47C8E0B4AD9}
		{7513AB1E-62B4-471E-9201-1F1C9E38CCB1} = {4B7831B5-A3FC-4604-AD91-D47C8E0B4AD9}
		{7CD38943-C317-481F-97CA-C5883ED2FF2B} = {4B7831B5-A3FC-4604-AD91-D47C8E0B4AD9}
		{8038813F-F9ED-4255-B8EF-406048B08FDA} = {4B7831B5-A3FC-4604-AD91-D47C8E0B4AD9}
		{DB9A3326-350F-42AB-88BC-3C472B391167} = {4B7831B5-A3FC-4604-AD91-D47C8E0B4AD9}
		{1C6E90AA-0AA2-45EE-BD83-1554683A4233} = {4B7831B5-A3FC-4604-AD91-D47C8E0B4AD9}
		{F6409601-3EE0-4CA7-8411-B99C47E9FB9B} = {4B7831B5-A3FC-4604-AD91-D47C8E0B4AD9}
		{6C589650-1E14-4D70-8AF0-B86FE7619552} = {2E60E85F-EEDC-4DEF-BEBD-3F53681A5F5D}
		{DD0A9296-A6FC-471B-B04F-7626DABD6AE5} = {2E60E85F-EEDC-4DEF-BEBD-3F53681A5F5D}
		{D62EB0EE-305C-463F-84AF-52D91B1DBA75} = {2E60E85F-EEDC-4DEF-BEBD-3F53681A5F5D}
		{56568B9E-C0BC-4482-840B-F938392DEE32} = {2E60E85F-EEDC-4DEF-BEBD-3F53681A5F5D}
		{65477A6C-3AB7-4932-9148-15D8DDF51FA3} = {2E60E85F-EEDC-4DEF-BEBD-3F53681A5F5D}
		{A98A4FF7-CD43-40E9-9152-B324451819F3} = {2E60E85F-EEDC-4DEF-BEBD-3F53681A5F5D}
		{289B74EC-697F-4A89-8630-1FA98956218F} = {2E60E85F-EEDC-4DEF-BEBD-3F53681A5F5D}
		{C86BAF60-A3D6-4FBF-B704-2C28E27E5CF7} = {3F7B97C4-033B-4514-B623-936B995B0364}
		{FC791191-EFAC-48B6-9B82-CBF4BE80325B} = {3F7B97C4-033B-4514-B623-936B995B0364}
		{C52F9C8E-3BFD-4F2B-83D8-98FC7D20C65E} = {3F7B97C4-033B-4514-B623-936B995B0364}
		{D25BDF07-F682-4A98-BD9D-7B07A793ECBA} = {3F7B97C4-033B-4514-B623-936B995B0364}
		{07FE9190-1889-4B33-A532-1512E1609FEE} = {3F7B97C4-033B-4514-B623-936B995B0364}
		{D6189F9C-DC74-4DCE-96D2-C8DF2F3A6BCC} = {3F7B97C4-033B-4514-B623-936B995B0364}
		{2778AD34-E150-442B-A7D9-5D957E51C844} = {3F7B97C4-033B-4514-B623-936B995B0364}
		{0CF0704B-5AE7-4AD1-B31D-0CEE4B393722} = {3F7B97C4-033B-4514-B623-936B995B0364}
		{4EE17FD2-288E-4A53-AA18-4CCEFC79F64A} = {3F7B97C4-033B-4514-B623-936B995B0364}
		{B50DBF0E-8D30-4907-B1D3-C38CA4058D87} = {21556F3F-FA0C-484B-A525-DA2E4E77C830}
		{A6ED2824-8A02-4509-8B02-315D0062F33F} = {21556F3F-FA0C-484B-A525-DA2E4E77C830}
		{397F3C38-748E-41D8-9AC5-2D2F69AF88A3} = {21556F3F-FA0C-484B-A525-DA2E4E77C830}
		{CA860786-8FED-405F-8372-4DE41CD21ECB} = {21556F3F-FA0C-484B-A525-DA2E4E77C830}
		{B6AF6A93-0937-4D6B-A461-F5BE70F1CE03} = {21556F3F-FA0C-484B-A525-DA2E4E77C830}
		{188CCCF7-8B9A-4D19-86F3-D575754D07F9} = {21556F3F-FA0C-484B-A525-DA2E4E77C830}
		{AA11BECA-3307-4375-86A8-DFFD166F590F} = {AE2464FC-4C57-4F53-A2DF-C09DAB0F6BB6}
		{EEB8DD33-4FB8-4FE8-AEE5-B7E54FF03CD8} = {AE2464FC-4C57-4F53-A2DF-C09DAB0F6BB6}
		{4A413287-9EDE-4249-B4FF-CB379A252A92} = {AE2464FC-4C57-4F53-A2DF-C09DAB0F6BB6}
	EndGlobalSection
	GlobalSection(ExtensibilityGlobals) = postSolution
		SolutionGuid = {4BFC48BB-264E-41DC-BF69-052DBAB3553D}
	EndGlobalSection
EndGlobal
